
Microsoft Visual Studio Solution File, Format Version 12.00
# Visual Studio 14
VisualStudioVersion = 14.0.23107.0
MinimumVisualStudioVersion = 10.0.40219.1
Project("{2150E333-8FDC-42A3-9474-1A3956D46DE8}") = "LiquidacionTarjetas", "LiquidacionTarjetas", "{B0113049-1E81-472A-804C-7F57F96EE48A}"
EndProject
Project("{2150E333-8FDC-42A3-9474-1A3956D46DE8}") = "ArticulosConsulta", "ArticulosConsulta", "{A847E493-FD8B-4FC2-8EFC-830D63DDA10C}"
EndProject
Project("{2150E333-8FDC-42A3-9474-1A3956D46DE8}") = "ArticulosExplorador", "ArticulosExplorador", "{DD02B3C7-7364-4D7C-85F2-674FCF2C057A}"
EndProject
Project("{2150E333-8FDC-42A3-9474-1A3956D46DE8}") = "Bitacora", "Bitacora", "{36A475E5-1069-42DB-A162-C632200DDE69}"
EndProject
Project("{2150E333-8FDC-42A3-9474-1A3956D46DE8}") = "CargaOrdenCompra", "CargaOrdenCompra", "{FFBE168F-3910-4920-B002-0424969494A0}"
EndProject
Project("{2150E333-8FDC-42A3-9474-1A3956D46DE8}") = "CargoEntregaRendir", "CargoEntregaRendir", "{D9E92E9D-6075-46F0-AFA4-2932ED10996C}"
EndProject
Project("{2150E333-8FDC-42A3-9474-1A3956D46DE8}") = "CG-FacturasGY", "CG-FacturasGY", "{E49F044A-DA38-48AD-A204-30198AC79C59}"
EndProject
Project("{2150E333-8FDC-42A3-9474-1A3956D46DE8}") = "ConsultasTaller", "ConsultasTaller", "{A905C1D8-86AD-43B4-8A95-FED0E13349CD}"
EndProject
Project("{2150E333-8FDC-42A3-9474-1A3956D46DE8}") = "CP-FacturaSinCargos", "CP-FacturaSinCargos", "{81E327B5-9EB2-4854-8930-FB2A5BBE7A31}"
EndProject
Project("{2150E333-8FDC-42A3-9474-1A3956D46DE8}") = "CuentaCorriente", "CuentaCorriente", "{47FBAE0E-50F7-4DBC-8D91-D05BAD1F4F5D}"
EndProject
Project("{2150E333-8FDC-42A3-9474-1A3956D46DE8}") = "GuiaRemisonElectronica", "GuiaRemisonElectronica", "{4B5995DD-F725-4342-9CA7-56021119D275}"
EndProject
Project("{2150E333-8FDC-42A3-9474-1A3956D46DE8}") = "InventarioAuditoria", "InventarioAuditoria", "{5BDD2CE1-ECC6-4B05-B83B-E90CFCFFB3A0}"
EndProject
Project("{2150E333-8FDC-42A3-9474-1A3956D46DE8}") = "PaqueteInventario", "PaqueteInventario", "{7AC02988-2E04-43E3-9720-8CC75D7B17E6}"
EndProject
Project("{2150E333-8FDC-42A3-9474-1A3956D46DE8}") = "PrivilegiosTesoreria", "PrivilegiosTesoreria", "{9F8222AE-C493-40C4-A09F-6A7D2675B885}"
EndProject
Project("{2150E333-8FDC-42A3-9474-1A3956D46DE8}") = "SaldosClientesFecha", "SaldosClientesFecha", "{28579D60-D88F-4E3E-BB19-B42397758A4A}"
EndProject
Project("{2150E333-8FDC-42A3-9474-1A3956D46DE8}") = "SUNAT_Validez_CPE", "SUNAT_Validez_CPE", "{C9FC558B-B638-4C42-B701-B84C0B5BA0C8}"
EndProject
Project("{2150E333-8FDC-42A3-9474-1A3956D46DE8}") = "TransferenciasPdtes", "TransferenciasPdtes", "{E2CBEF00-7EBE-4887-B7ED-391862D20C0B}"
	ProjectSection(FolderStartupServices) = postProject
		{C0C07587-41A7-46C8-8FBD-3F9C8EBE2DDC} = {C0C07587-41A7-46C8-8FBD-3F9C8EBE2DDC}
	EndProjectSection
EndProject
Project("{FAE04EC0-301F-11D3-BF4B-00C04F79EFBC}") = "ApssaExactus-Bitacora", "Modulos\Bitacora\ApssaExactus-Bitacora.csproj", "{7364023F-B33E-402A-A75D-81C17C01D400}"
EndProject
Project("{FAE04EC0-301F-11D3-BF4B-00C04F79EFBC}") = "ApssaExactus-CargaOrdenCompra", "Modulos\CargaOrdenCompra\ApssaExactus-CargaOrdenCompra.csproj", "{0B7E0324-3061-4202-9DFE-A18E5565E892}"
EndProject
Project("{FAE04EC0-301F-11D3-BF4B-00C04F79EFBC}") = "ApssaExactus-ConsultasTaller", "Modulos\ConsultasTaller\ApssaExactus-ConsultasTaller.csproj", "{51CB363B-168A-4EFB-A272-D919EA205930}"
EndProject
Project("{FAE04EC0-301F-11D3-BF4B-00C04F79EFBC}") = "ApssaExactus-LiquidacionTarjetas", "Modulos\LiquidacionTarjetas\ApssaExactus-LiquidacionTarjetas.csproj", "{725A5CBE-8EE2-401D-B1D2-B202806C4115}"
EndProject
Project("{FAE04EC0-301F-11D3-BF4B-00C04F79EFBC}") = "ApssaExactus-PaqueteInventario", "Modulos\PaqueteInventario\ApssaExactus-PaqueteInventario.csproj", "{37400367-1CF2-474B-AEE4-4A3A484C60BB}"
EndProject
Project("{FAE04EC0-301F-11D3-BF4B-00C04F79EFBC}") = "ApssaExactus-PrivilegiosTesoreria", "Modulos\PrivilegiosTesoreria\ApssaExactus-PrivilegiosTesoreria.csproj", "{D7A42BA1-1C7F-4891-A6D7-E16D44240241}"
EndProject
Project("{FAE04EC0-301F-11D3-BF4B-00C04F79EFBC}") = "ApssaExactus-TransferenciasPdtes", "Modulos\TransferenciasPdtes\ApssaExactus-TransferenciasPdtes.csproj", "{1FF1F139-AD67-49E5-99B2-B46314B86986}"
EndProject
Project("{2150E333-8FDC-42A3-9474-1A3956D46DE8}") = "Modulos", "Modulos", "{BDB8DD34-8486-4090-A7B8-2F21DB2F5C3F}"
	ProjectSection(SolutionItems) = preProject
		Class1.cs = Class1.cs
	EndProjectSection
EndProject
Project("{2150E333-8FDC-42A3-9474-1A3956D46DE8}") = "Librerias", "Librerias", "{5F79ED70-4D19-47B3-8449-7DF1C8965968}"
EndProject
Project("{FAE04EC0-301F-11D3-BF4B-00C04F79EFBC}") = "ApssaExactus.LIBCS", "Libreria\Exactus.LIBCS\ApssaExactus.LIBCS.csproj", "{668955AC-AA6A-4117-B723-6D358BAE45C7}"
EndProject
Project("{F184B08F-C81C-45F6-A57F-5ABD9991F28F}") = "ApssaExactus.LIBVB", "Libreria\Exactus.LIBVB\ApssaExactus.LIBVB.vbproj", "{849EBAE4-843B-4324-862A-3DF42274D501}"
EndProject
Global
	GlobalSection(SolutionConfigurationPlatforms) = preSolution
		Debug|Any CPU = Debug|Any CPU
		Release|Any CPU = Release|Any CPU
	EndGlobalSection
	GlobalSection(ProjectConfigurationPlatforms) = postSolution
		{7364023F-B33E-402A-A75D-81C17C01D400}.Debug|Any CPU.ActiveCfg = Debug|Any CPU
		{7364023F-B33E-402A-A75D-81C17C01D400}.Debug|Any CPU.Build.0 = Debug|Any CPU
		{7364023F-B33E-402A-A75D-81C17C01D400}.Release|Any CPU.ActiveCfg = Release|Any CPU
		{7364023F-B33E-402A-A75D-81C17C01D400}.Release|Any CPU.Build.0 = Release|Any CPU
		{0B7E0324-3061-4202-9DFE-A18E5565E892}.Debug|Any CPU.ActiveCfg = Debug|Any CPU
		{0B7E0324-3061-4202-9DFE-A18E5565E892}.Debug|Any CPU.Build.0 = Debug|Any CPU
		{0B7E0324-3061-4202-9DFE-A18E5565E892}.Release|Any CPU.ActiveCfg = Release|Any CPU
		{0B7E0324-3061-4202-9DFE-A18E5565E892}.Release|Any CPU.Build.0 = Release|Any CPU
		{51CB363B-168A-4EFB-A272-D919EA205930}.Debug|Any CPU.ActiveCfg = Debug|Any CPU
		{51CB363B-168A-4EFB-A272-D919EA205930}.Debug|Any CPU.Build.0 = Debug|Any CPU
		{51CB363B-168A-4EFB-A272-D919EA205930}.Release|Any CPU.ActiveCfg = Release|Any CPU
		{51CB363B-168A-4EFB-A272-D919EA205930}.Release|Any CPU.Build.0 = Release|Any CPU
		{725A5CBE-8EE2-401D-B1D2-B202806C4115}.Debug|Any CPU.ActiveCfg = Debug|Any CPU
		{725A5CBE-8EE2-401D-B1D2-B202806C4115}.Debug|Any CPU.Build.0 = Debug|Any CPU
		{725A5CBE-8EE2-401D-B1D2-B202806C4115}.Release|Any CPU.ActiveCfg = Release|Any CPU
		{725A5CBE-8EE2-401D-B1D2-B202806C4115}.Release|Any CPU.Build.0 = Release|Any CPU
		{37400367-1CF2-474B-AEE4-4A3A484C60BB}.Debug|Any CPU.ActiveCfg = Debug|Any CPU
		{37400367-1CF2-474B-AEE4-4A3A484C60BB}.Debug|Any CPU.Build.0 = Debug|Any CPU
		{37400367-1CF2-474B-AEE4-4A3A484C60BB}.Release|Any CPU.ActiveCfg = Release|Any CPU
		{37400367-1CF2-474B-AEE4-4A3A484C60BB}.Release|Any CPU.Build.0 = Release|Any CPU
		{D7A42BA1-1C7F-4891-A6D7-E16D44240241}.Debug|Any CPU.ActiveCfg = Debug|Any CPU
		{D7A42BA1-1C7F-4891-A6D7-E16D44240241}.Debug|Any CPU.Build.0 = Debug|Any CPU
		{D7A42BA1-1C7F-4891-A6D7-E16D44240241}.Release|Any CPU.ActiveCfg = Release|Any CPU
		{D7A42BA1-1C7F-4891-A6D7-E16D44240241}.Release|Any CPU.Build.0 = Release|Any CPU
		{1FF1F139-AD67-49E5-99B2-B46314B86986}.Debug|Any CPU.ActiveCfg = Debug|Any CPU
		{1FF1F139-AD67-49E5-99B2-B46314B86986}.Debug|Any CPU.Build.0 = Debug|Any CPU
		{1FF1F139-AD67-49E5-99B2-B46314B86986}.Release|Any CPU.ActiveCfg = Release|Any CPU
		{1FF1F139-AD67-49E5-99B2-B46314B86986}.Release|Any CPU.Build.0 = Release|Any CPU
		{668955AC-AA6A-4117-B723-6D358BAE45C7}.Debug|Any CPU.ActiveCfg = Debug|Any CPU
		{668955AC-AA6A-4117-B723-6D358BAE45C7}.Debug|Any CPU.Build.0 = Debug|Any CPU
		{668955AC-AA6A-4117-B723-6D358BAE45C7}.Release|Any CPU.ActiveCfg = Release|Any CPU
		{668955AC-AA6A-4117-B723-6D358BAE45C7}.Release|Any CPU.Build.0 = Release|Any CPU
		{849EBAE4-843B-4324-862A-3DF42274D501}.Debug|Any CPU.ActiveCfg = Debug|Any CPU
		{849EBAE4-843B-4324-862A-3DF42274D501}.Debug|Any CPU.Build.0 = Debug|Any CPU
		{849EBAE4-843B-4324-862A-3DF42274D501}.Release|Any CPU.ActiveCfg = Release|Any CPU
		{849EBAE4-843B-4324-862A-3DF42274D501}.Release|Any CPU.Build.0 = Release|Any CPU
	EndGlobalSection
	GlobalSection(SolutionProperties) = preSolution
		HideSolutionNode = FALSE
	EndGlobalSection
	GlobalSection(NestedProjects) = preSolution
		{B0113049-1E81-472A-804C-7F57F96EE48A} = {BDB8DD34-8486-4090-A7B8-2F21DB2F5C3F}
		{A847E493-FD8B-4FC2-8EFC-830D63DDA10C} = {BDB8DD34-8486-4090-A7B8-2F21DB2F5C3F}
		{DD02B3C7-7364-4D7C-85F2-674FCF2C057A} = {BDB8DD34-8486-4090-A7B8-2F21DB2F5C3F}
		{36A475E5-1069-42DB-A162-C632200DDE69} = {BDB8DD34-8486-4090-A7B8-2F21DB2F5C3F}
		{FFBE168F-3910-4920-B002-0424969494A0} = {BDB8DD34-8486-4090-A7B8-2F21DB2F5C3F}
		{D9E92E9D-6075-46F0-AFA4-2932ED10996C} = {BDB8DD34-8486-4090-A7B8-2F21DB2F5C3F}
		{E49F044A-DA38-48AD-A204-30198AC79C59} = {BDB8DD34-8486-4090-A7B8-2F21DB2F5C3F}
		{A905C1D8-86AD-43B4-8A95-FED0E13349CD} = {BDB8DD34-8486-4090-A7B8-2F21DB2F5C3F}
		{81E327B5-9EB2-4854-8930-FB2A5BBE7A31} = {BDB8DD34-8486-4090-A7B8-2F21DB2F5C3F}
		{47FBAE0E-50F7-4DBC-8D91-D05BAD1F4F5D} = {BDB8DD34-8486-4090-A7B8-2F21DB2F5C3F}
		{4B5995DD-F725-4342-9CA7-56021119D275} = {BDB8DD34-8486-4090-A7B8-2F21DB2F5C3F}
		{5BDD2CE1-ECC6-4B05-B83B-E90CFCFFB3A0} = {BDB8DD34-8486-4090-A7B8-2F21DB2F5C3F}
		{7AC02988-2E04-43E3-9720-8CC75D7B17E6} = {BDB8DD34-8486-4090-A7B8-2F21DB2F5C3F}
		{9F8222AE-C493-40C4-A09F-6A7D2675B885} = {BDB8DD34-8486-4090-A7B8-2F21DB2F5C3F}
		{28579D60-D88F-4E3E-BB19-B42397758A4A} = {BDB8DD34-8486-4090-A7B8-2F21DB2F5C3F}
		{C9FC558B-B638-4C42-B701-B84C0B5BA0C8} = {BDB8DD34-8486-4090-A7B8-2F21DB2F5C3F}
		{E2CBEF00-7EBE-4887-B7ED-391862D20C0B} = {BDB8DD34-8486-4090-A7B8-2F21DB2F5C3F}
		{7364023F-B33E-402A-A75D-81C17C01D400} = {36A475E5-1069-42DB-A162-C632200DDE69}
		{0B7E0324-3061-4202-9DFE-A18E5565E892} = {FFBE168F-3910-4920-B002-0424969494A0}
		{51CB363B-168A-4EFB-A272-D919EA205930} = {A905C1D8-86AD-43B4-8A95-FED0E13349CD}
		{725A5CBE-8EE2-401D-B1D2-B202806C4115} = {B0113049-1E81-472A-804C-7F57F96EE48A}
		{37400367-1CF2-474B-AEE4-4A3A484C60BB} = {7AC02988-2E04-43E3-9720-8CC75D7B17E6}
		{D7A42BA1-1C7F-4891-A6D7-E16D44240241} = {9F8222AE-C493-40C4-A09F-6A7D2675B885}
		{1FF1F139-AD67-49E5-99B2-B46314B86986} = {E2CBEF00-7EBE-4887-B7ED-391862D20C0B}
		{668955AC-AA6A-4117-B723-6D358BAE45C7} = {5F79ED70-4D19-47B3-8449-7DF1C8965968}
		{849EBAE4-843B-4324-862A-3DF42274D501} = {5F79ED70-4D19-47B3-8449-7DF1C8965968}
	EndGlobalSection
EndGlobal
